
Microsoft Visual Studio Solution File, Format Version 12.00
# Visual Studio 15
VisualStudioVersion = 15.0.28010.2048
MinimumVisualStudioVersion = 10.0.40219.1
Project("{FAE04EC0-301F-11D3-BF4B-00C04F79EFBC}") = "MergeSort", "Divide_and_Conquer\MergeSort.csproj", "{8D14B142-7A11-473A-AE21-79487898BC9D}"
EndProject
Project("{FAE04EC0-301F-11D3-BF4B-00C04F79EFBC}") = "TrominoPuzzle", "TrominoPuzzle\TrominoPuzzle.csproj", "{C44024E0-9E43-4F39-BE61-D91BE81C3945}"
EndProject
Project("{FAE04EC0-301F-11D3-BF4B-00C04F79EFBC}") = "MergeSort_BottomUp", "MergeSort_BottomUp\MergeSort_BottomUp.csproj", "{F7F557F0-8090-4A2F-B9AE-6AA5EBEC2564}"
EndProject
Project("{FAE04EC0-301F-11D3-BF4B-00C04F79EFBC}") = "BinaryTrees", "BinaryTrees\BinaryTrees.csproj", "{4F0A44E6-4743-4907-B620-E75A1688CFCD}"
EndProject
Project("{FAE04EC0-301F-11D3-BF4B-00C04F79EFBC}") = "Sorted2DArraySearch(1stMethod)", "2DSortedArraySearch\Sorted2DArraySearch(1stMethod).csproj", "{8CED855A-ED2F-44B5-9A9D-0DD5D9A75487}"
EndProject
Project("{FAE04EC0-301F-11D3-BF4B-00C04F79EFBC}") = "Sorted2DArraySearch(2ndMethod)", "2DSortedArraySearch(2ndMethod)\Sorted2DArraySearch(2ndMethod).csproj", "{E2E21D0F-C6A2-4041-A067-4944B24378A7}"
EndProject
Project("{2150E333-8FDC-42A3-9474-1A3956D46DE8}") = "Projekt1", "Projekt1", "{63437581-8442-4647-8F67-69164613F4E4}"
EndProject
Project("{FAE04EC0-301F-11D3-BF4B-00C04F79EFBC}") = "Hashing", "SpaceForTimeAlgorithms\Hashing.csproj", "{7E7A3E78-4EF9-44B0-8597-E4F8B74DB91D}"
EndProject
Project("{2150E333-8FDC-42A3-9474-1A3956D46DE8}") = "Java 1", "Java 1", "{5F10EC68-9D14-42B8-951F-18467212866A}"
EndProject
Project("{2150E333-8FDC-42A3-9474-1A3956D46DE8}") = "Java 2", "Java 2", "{D0AE38DF-E716-4FD7-9A1F-4D5403694454}"
EndProject
Project("{2150E333-8FDC-42A3-9474-1A3956D46DE8}") = "Java 3", "Java 3", "{94AD074B-CAA6-4F18-BD01-11D1A92AE89B}"
EndProject
Project("{FAE04EC0-301F-11D3-BF4B-00C04F79EFBC}") = "StringSearch", "StringSearch\StringSearch.csproj", "{A9D05101-E9E9-424E-B206-198ACDB2FD73}"
EndProject
Project("{FAE04EC0-301F-11D3-BF4B-00C04F79EFBC}") = "AStarAlgorithm-Robot", "AStarAlgorithm-Robot\AStarAlgorithm-Robot.csproj", "{8DE2749A-7340-4C05-A9AC-5D48D83660ED}"
EndProject
Project("{2150E333-8FDC-42A3-9474-1A3956D46DE8}") = "HW4", "HW4", "{3A1B93A6-CBB5-4DC1-828F-2520123F02DF}"
EndProject
Project("{2150E333-8FDC-42A3-9474-1A3956D46DE8}") = "Artificial Intelligence", "Artificial Intelligence", "{B7B75576-23D9-4881-B640-658E343C0728}"
EndProject
Project("{2150E333-8FDC-42A3-9474-1A3956D46DE8}") = "Java 4 - Programimi Dinamik", "Java 4 - Programimi Dinamik", "{91CFF59D-804C-411C-BE18-574554DD969B}"
EndProject
Project("{FAE04EC0-301F-11D3-BF4B-00C04F79EFBC}") = "Fibonacci", "Fibonacci\Fibonacci.csproj", "{C99AFF48-DF53-480A-82DC-E1FA7CDCEC6A}"
EndProject
Project("{FAE04EC0-301F-11D3-BF4B-00C04F79EFBC}") = "CountNumberOfWays", "CountNumberOfWays\CountNumberOfWays.csproj", "{BE96B917-FA61-4943-95C7-1EFA6C7D487A}"
EndProject
Global
	GlobalSection(SolutionConfigurationPlatforms) = preSolution
		Debug|Any CPU = Debug|Any CPU
		Debug|x64 = Debug|x64
		Debug|x86 = Debug|x86
		Release|Any CPU = Release|Any CPU
		Release|x64 = Release|x64
		Release|x86 = Release|x86
	EndGlobalSection
	GlobalSection(ProjectConfigurationPlatforms) = postSolution
		{8D14B142-7A11-473A-AE21-79487898BC9D}.Debug|Any CPU.ActiveCfg = Debug|Any CPU
		{8D14B142-7A11-473A-AE21-79487898BC9D}.Debug|Any CPU.Build.0 = Debug|Any CPU
		{8D14B142-7A11-473A-AE21-79487898BC9D}.Debug|x64.ActiveCfg = Debug|Any CPU
		{8D14B142-7A11-473A-AE21-79487898BC9D}.Debug|x64.Build.0 = Debug|Any CPU
		{8D14B142-7A11-473A-AE21-79487898BC9D}.Debug|x86.ActiveCfg = Debug|Any CPU
		{8D14B142-7A11-473A-AE21-79487898BC9D}.Debug|x86.Build.0 = Debug|Any CPU
		{8D14B142-7A11-473A-AE21-79487898BC9D}.Release|Any CPU.ActiveCfg = Release|Any CPU
		{8D14B142-7A11-473A-AE21-79487898BC9D}.Release|Any CPU.Build.0 = Release|Any CPU
		{8D14B142-7A11-473A-AE21-79487898BC9D}.Release|x64.ActiveCfg = Release|Any CPU
		{8D14B142-7A11-473A-AE21-79487898BC9D}.Release|x64.Build.0 = Release|Any CPU
		{8D14B142-7A11-473A-AE21-79487898BC9D}.Release|x86.ActiveCfg = Release|Any CPU
		{8D14B142-7A11-473A-AE21-79487898BC9D}.Release|x86.Build.0 = Release|Any CPU
		{C44024E0-9E43-4F39-BE61-D91BE81C3945}.Debug|Any CPU.ActiveCfg = Debug|Any CPU
		{C44024E0-9E43-4F39-BE61-D91BE81C3945}.Debug|Any CPU.Build.0 = Debug|Any CPU
		{C44024E0-9E43-4F39-BE61-D91BE81C3945}.Debug|x64.ActiveCfg = Debug|Any CPU
		{C44024E0-9E43-4F39-BE61-D91BE81C3945}.Debug|x64.Build.0 = Debug|Any CPU
		{C44024E0-9E43-4F39-BE61-D91BE81C3945}.Debug|x86.ActiveCfg = Debug|Any CPU
		{C44024E0-9E43-4F39-BE61-D91BE81C3945}.Debug|x86.Build.0 = Debug|Any CPU
		{C44024E0-9E43-4F39-BE61-D91BE81C3945}.Release|Any CPU.ActiveCfg = Release|Any CPU
		{C44024E0-9E43-4F39-BE61-D91BE81C3945}.Release|Any CPU.Build.0 = Release|Any CPU
		{C44024E0-9E43-4F39-BE61-D91BE81C3945}.Release|x64.ActiveCfg = Release|Any CPU
		{C44024E0-9E43-4F39-BE61-D91BE81C3945}.Release|x64.Build.0 = Release|Any CPU
		{C44024E0-9E43-4F39-BE61-D91BE81C3945}.Release|x86.ActiveCfg = Release|Any CPU
		{C44024E0-9E43-4F39-BE61-D91BE81C3945}.Release|x86.Build.0 = Release|Any CPU
		{F7F557F0-8090-4A2F-B9AE-6AA5EBEC2564}.Debug|Any CPU.ActiveCfg = Debug|Any CPU
		{F7F557F0-8090-4A2F-B9AE-6AA5EBEC2564}.Debug|Any CPU.Build.0 = Debug|Any CPU
		{F7F557F0-8090-4A2F-B9AE-6AA5EBEC2564}.Debug|x64.ActiveCfg = Debug|Any CPU
		{F7F557F0-8090-4A2F-B9AE-6AA5EBEC2564}.Debug|x64.Build.0 = Debug|Any CPU
		{F7F557F0-8090-4A2F-B9AE-6AA5EBEC2564}.Debug|x86.ActiveCfg = Debug|Any CPU
		{F7F557F0-8090-4A2F-B9AE-6AA5EBEC2564}.Debug|x86.Build.0 = Debug|Any CPU
		{F7F557F0-8090-4A2F-B9AE-6AA5EBEC2564}.Release|Any CPU.ActiveCfg = Release|Any CPU
		{F7F557F0-8090-4A2F-B9AE-6AA5EBEC2564}.Release|Any CPU.Build.0 = Release|Any CPU
		{F7F557F0-8090-4A2F-B9AE-6AA5EBEC2564}.Release|x64.ActiveCfg = Release|Any CPU
		{F7F557F0-8090-4A2F-B9AE-6AA5EBEC2564}.Release|x64.Build.0 = Release|Any CPU
		{F7F557F0-8090-4A2F-B9AE-6AA5EBEC2564}.Release|x86.ActiveCfg = Release|Any CPU
		{F7F557F0-8090-4A2F-B9AE-6AA5EBEC2564}.Release|x86.Build.0 = Release|Any CPU
		{4F0A44E6-4743-4907-B620-E75A1688CFCD}.Debug|Any CPU.ActiveCfg = Debug|Any CPU
		{4F0A44E6-4743-4907-B620-E75A1688CFCD}.Debug|Any CPU.Build.0 = Debug|Any CPU
		{4F0A44E6-4743-4907-B620-E75A1688CFCD}.Debug|x64.ActiveCfg = Debug|Any CPU
		{4F0A44E6-4743-4907-B620-E75A1688CFCD}.Debug|x64.Build.0 = Debug|Any CPU
		{4F0A44E6-4743-4907-B620-E75A1688CFCD}.Debug|x86.ActiveCfg = Debug|Any CPU
		{4F0A44E6-4743-4907-B620-E75A1688CFCD}.Debug|x86.Build.0 = Debug|Any CPU
		{4F0A44E6-4743-4907-B620-E75A1688CFCD}.Release|Any CPU.ActiveCfg = Release|Any CPU
		{4F0A44E6-4743-4907-B620-E75A1688CFCD}.Release|Any CPU.Build.0 = Release|Any CPU
		{4F0A44E6-4743-4907-B620-E75A1688CFCD}.Release|x64.ActiveCfg = Release|Any CPU
		{4F0A44E6-4743-4907-B620-E75A1688CFCD}.Release|x64.Build.0 = Release|Any CPU
		{4F0A44E6-4743-4907-B620-E75A1688CFCD}.Release|x86.ActiveCfg = Release|Any CPU
		{4F0A44E6-4743-4907-B620-E75A1688CFCD}.Release|x86.Build.0 = Release|Any CPU
		{8CED855A-ED2F-44B5-9A9D-0DD5D9A75487}.Debug|Any CPU.ActiveCfg = Debug|Any CPU
		{8CED855A-ED2F-44B5-9A9D-0DD5D9A75487}.Debug|Any CPU.Build.0 = Debug|Any CPU
		{8CED855A-ED2F-44B5-9A9D-0DD5D9A75487}.Debug|x64.ActiveCfg = Debug|Any CPU
		{8CED855A-ED2F-44B5-9A9D-0DD5D9A75487}.Debug|x64.Build.0 = Debug|Any CPU
		{8CED855A-ED2F-44B5-9A9D-0DD5D9A75487}.Debug|x86.ActiveCfg = Debug|Any CPU
		{8CED855A-ED2F-44B5-9A9D-0DD5D9A75487}.Debug|x86.Build.0 = Debug|Any CPU
		{8CED855A-ED2F-44B5-9A9D-0DD5D9A75487}.Release|Any CPU.ActiveCfg = Release|Any CPU
		{8CED855A-ED2F-44B5-9A9D-0DD5D9A75487}.Release|Any CPU.Build.0 = Release|Any CPU
		{8CED855A-ED2F-44B5-9A9D-0DD5D9A75487}.Release|x64.ActiveCfg = Release|Any CPU
		{8CED855A-ED2F-44B5-9A9D-0DD5D9A75487}.Release|x64.Build.0 = Release|Any CPU
		{8CED855A-ED2F-44B5-9A9D-0DD5D9A75487}.Release|x86.ActiveCfg = Release|Any CPU
		{8CED855A-ED2F-44B5-9A9D-0DD5D9A75487}.Release|x86.Build.0 = Release|Any CPU
		{E2E21D0F-C6A2-4041-A067-4944B24378A7}.Debug|Any CPU.ActiveCfg = Debug|Any CPU
		{E2E21D0F-C6A2-4041-A067-4944B24378A7}.Debug|Any CPU.Build.0 = Debug|Any CPU
		{E2E21D0F-C6A2-4041-A067-4944B24378A7}.Debug|x64.ActiveCfg = Debug|Any CPU
		{E2E21D0F-C6A2-4041-A067-4944B24378A7}.Debug|x64.Build.0 = Debug|Any CPU
		{E2E21D0F-C6A2-4041-A067-4944B24378A7}.Debug|x86.ActiveCfg = Debug|Any CPU
		{E2E21D0F-C6A2-4041-A067-4944B24378A7}.Debug|x86.Build.0 = Debug|Any CPU
		{E2E21D0F-C6A2-4041-A067-4944B24378A7}.Release|Any CPU.ActiveCfg = Release|Any CPU
		{E2E21D0F-C6A2-4041-A067-4944B24378A7}.Release|Any CPU.Build.0 = Release|Any CPU
		{E2E21D0F-C6A2-4041-A067-4944B24378A7}.Release|x64.ActiveCfg = Release|Any CPU
		{E2E21D0F-C6A2-4041-A067-4944B24378A7}.Release|x64.Build.0 = Release|Any CPU
		{E2E21D0F-C6A2-4041-A067-4944B24378A7}.Release|x86.ActiveCfg = Release|Any CPU
		{E2E21D0F-C6A2-4041-A067-4944B24378A7}.Release|x86.Build.0 = Release|Any CPU
		{7E7A3E78-4EF9-44B0-8597-E4F8B74DB91D}.Debug|Any CPU.ActiveCfg = Debug|Any CPU
		{7E7A3E78-4EF9-44B0-8597-E4F8B74DB91D}.Debug|Any CPU.Build.0 = Debug|Any CPU
		{7E7A3E78-4EF9-44B0-8597-E4F8B74DB91D}.Debug|x64.ActiveCfg = Debug|Any CPU
		{7E7A3E78-4EF9-44B0-8597-E4F8B74DB91D}.Debug|x64.Build.0 = Debug|Any CPU
		{7E7A3E78-4EF9-44B0-8597-E4F8B74DB91D}.Debug|x86.ActiveCfg = Debug|Any CPU
		{7E7A3E78-4EF9-44B0-8597-E4F8B74DB91D}.Debug|x86.Build.0 = Debug|Any CPU
		{7E7A3E78-4EF9-44B0-8597-E4F8B74DB91D}.Release|Any CPU.ActiveCfg = Release|Any CPU
		{7E7A3E78-4EF9-44B0-8597-E4F8B74DB91D}.Release|Any CPU.Build.0 = Release|Any CPU
		{7E7A3E78-4EF9-44B0-8597-E4F8B74DB91D}.Release|x64.ActiveCfg = Release|Any CPU
		{7E7A3E78-4EF9-44B0-8597-E4F8B74DB91D}.Release|x64.Build.0 = Release|Any CPU
		{7E7A3E78-4EF9-44B0-8597-E4F8B74DB91D}.Release|x86.ActiveCfg = Release|Any CPU
		{7E7A3E78-4EF9-44B0-8597-E4F8B74DB91D}.Release|x86.Build.0 = Release|Any CPU
		{A9D05101-E9E9-424E-B206-198ACDB2FD73}.Debug|Any CPU.ActiveCfg = Debug|x86
		{A9D05101-E9E9-424E-B206-198ACDB2FD73}.Debug|x64.ActiveCfg = Debug|x86
		{A9D05101-E9E9-424E-B206-198ACDB2FD73}.Debug|x86.ActiveCfg = Debug|x86
		{A9D05101-E9E9-424E-B206-198ACDB2FD73}.Debug|x86.Build.0 = Debug|x86
		{A9D05101-E9E9-424E-B206-198ACDB2FD73}.Release|Any CPU.ActiveCfg = Release|x86
		{A9D05101-E9E9-424E-B206-198ACDB2FD73}.Release|x64.ActiveCfg = Release|x86
		{A9D05101-E9E9-424E-B206-198ACDB2FD73}.Release|x86.ActiveCfg = Release|x86
		{A9D05101-E9E9-424E-B206-198ACDB2FD73}.Release|x86.Build.0 = Release|x86
		{8DE2749A-7340-4C05-A9AC-5D48D83660ED}.Debug|Any CPU.ActiveCfg = Debug|Any CPU
		{8DE2749A-7340-4C05-A9AC-5D48D83660ED}.Debug|Any CPU.Build.0 = Debug|Any CPU
		{8DE2749A-7340-4C05-A9AC-5D48D83660ED}.Debug|x64.ActiveCfg = Debug|Any CPU
		{8DE2749A-7340-4C05-A9AC-5D48D83660ED}.Debug|x64.Build.0 = Debug|Any CPU
		{8DE2749A-7340-4C05-A9AC-5D48D83660ED}.Debug|x86.ActiveCfg = Debug|Any CPU
		{8DE2749A-7340-4C05-A9AC-5D48D83660ED}.Debug|x86.Build.0 = Debug|Any CPU
		{8DE2749A-7340-4C05-A9AC-5D48D83660ED}.Release|Any CPU.ActiveCfg = Release|Any CPU
		{8DE2749A-7340-4C05-A9AC-5D48D83660ED}.Release|Any CPU.Build.0 = Release|Any CPU
		{8DE2749A-7340-4C05-A9AC-5D48D83660ED}.Release|x64.ActiveCfg = Release|Any CPU
		{8DE2749A-7340-4C05-A9AC-5D48D83660ED}.Release|x64.Build.0 = Release|Any CPU
		{8DE2749A-7340-4C05-A9AC-5D48D83660ED}.Release|x86.ActiveCfg = Release|Any CPU
		{8DE2749A-7340-4C05-A9AC-5D48D83660ED}.Release|x86.Build.0 = Release|Any CPU
		{C99AFF48-DF53-480A-82DC-E1FA7CDCEC6A}.Debug|Any CPU.ActiveCfg = Debug|Any CPU
		{C99AFF48-DF53-480A-82DC-E1FA7CDCEC6A}.Debug|Any CPU.Build.0 = Debug|Any CPU
		{C99AFF48-DF53-480A-82DC-E1FA7CDCEC6A}.Debug|x64.ActiveCfg = Debug|Any CPU
		{C99AFF48-DF53-480A-82DC-E1FA7CDCEC6A}.Debug|x64.Build.0 = Debug|Any CPU
		{C99AFF48-DF53-480A-82DC-E1FA7CDCEC6A}.Debug|x86.ActiveCfg = Debug|Any CPU
		{C99AFF48-DF53-480A-82DC-E1FA7CDCEC6A}.Debug|x86.Build.0 = Debug|Any CPU
		{C99AFF48-DF53-480A-82DC-E1FA7CDCEC6A}.Release|Any CPU.ActiveCfg = Release|Any CPU
		{C99AFF48-DF53-480A-82DC-E1FA7CDCEC6A}.Release|Any CPU.Build.0 = Release|Any CPU
		{C99AFF48-DF53-480A-82DC-E1FA7CDCEC6A}.Release|x64.ActiveCfg = Release|Any CPU
		{C99AFF48-DF53-480A-82DC-E1FA7CDCEC6A}.Release|x64.Build.0 = Release|Any CPU
		{C99AFF48-DF53-480A-82DC-E1FA7CDCEC6A}.Release|x86.ActiveCfg = Release|Any CPU
		{C99AFF48-DF53-480A-82DC-E1FA7CDCEC6A}.Release|x86.Build.0 = Release|Any CPU
		{BE96B917-FA61-4943-95C7-1EFA6C7D487A}.Debug|Any CPU.ActiveCfg = Debug|Any CPU
		{BE96B917-FA61-4943-95C7-1EFA6C7D487A}.Debug|Any CPU.Build.0 = Debug|Any CPU
		{BE96B917-FA61-4943-95C7-1EFA6C7D487A}.Debug|x64.ActiveCfg = Debug|Any CPU
		{BE96B917-FA61-4943-95C7-1EFA6C7D487A}.Debug|x64.Build.0 = Debug|Any CPU
		{BE96B917-FA61-4943-95C7-1EFA6C7D487A}.Debug|x86.ActiveCfg = Debug|Any CPU
		{BE96B917-FA61-4943-95C7-1EFA6C7D487A}.Debug|x86.Build.0 = Debug|Any CPU
		{BE96B917-FA61-4943-95C7-1EFA6C7D487A}.Release|Any CPU.ActiveCfg = Release|Any CPU
		{BE96B917-FA61-4943-95C7-1EFA6C7D487A}.Release|Any CPU.Build.0 = Release|Any CPU
		{BE96B917-FA61-4943-95C7-1EFA6C7D487A}.Release|x64.ActiveCfg = Release|Any CPU
		{BE96B917-FA61-4943-95C7-1EFA6C7D487A}.Release|x64.Build.0 = Release|Any CPU
		{BE96B917-FA61-4943-95C7-1EFA6C7D487A}.Release|x86.ActiveCfg = Release|Any CPU
		{BE96B917-FA61-4943-95C7-1EFA6C7D487A}.Release|x86.Build.0 = Release|Any CPU
	EndGlobalSection
	GlobalSection(SolutionProperties) = preSolution
		HideSolutionNode = FALSE
	EndGlobalSection
	GlobalSection(NestedProjects) = preSolution
		{8D14B142-7A11-473A-AE21-79487898BC9D} = {5F10EC68-9D14-42B8-951F-18467212866A}
		{C44024E0-9E43-4F39-BE61-D91BE81C3945} = {D0AE38DF-E716-4FD7-9A1F-4D5403694454}
		{F7F557F0-8090-4A2F-B9AE-6AA5EBEC2564} = {5F10EC68-9D14-42B8-951F-18467212866A}
		{4F0A44E6-4743-4907-B620-E75A1688CFCD} = {D0AE38DF-E716-4FD7-9A1F-4D5403694454}
		{8CED855A-ED2F-44B5-9A9D-0DD5D9A75487} = {63437581-8442-4647-8F67-69164613F4E4}
		{E2E21D0F-C6A2-4041-A067-4944B24378A7} = {63437581-8442-4647-8F67-69164613F4E4}
		{7E7A3E78-4EF9-44B0-8597-E4F8B74DB91D} = {94AD074B-CAA6-4F18-BD01-11D1A92AE89B}
		{A9D05101-E9E9-424E-B206-198ACDB2FD73} = {3A1B93A6-CBB5-4DC1-828F-2520123F02DF}
		{8DE2749A-7340-4C05-A9AC-5D48D83660ED} = {B7B75576-23D9-4881-B640-658E343C0728}
		{C99AFF48-DF53-480A-82DC-E1FA7CDCEC6A} = {91CFF59D-804C-411C-BE18-574554DD969B}
		{BE96B917-FA61-4943-95C7-1EFA6C7D487A} = {91CFF59D-804C-411C-BE18-574554DD969B}
	EndGlobalSection
	GlobalSection(ExtensibilityGlobals) = postSolution
		SolutionGuid = {8AAE415B-A15C-4259-B54D-9C2175B308D3}
	EndGlobalSection
EndGlobal
