
Microsoft Visual Studio Solution File, Format Version 12.00
# Visual Studio 15
VisualStudioVersion = 15.0.28010.2048
MinimumVisualStudioVersion = 10.0.40219.1
Project("{FAE04EC0-301F-11D3-BF4B-00C04F79EFBC}") = "MergeSort", "Divide_and_Conquer\MergeSort.csproj", "{8D14B142-7A11-473A-AE21-79487898BC9D}"
EndProject
Project("{FAE04EC0-301F-11D3-BF4B-00C04F79EFBC}") = "TrominoPuzzle", "TrominoPuzzle\TrominoPuzzle.csproj", "{C44024E0-9E43-4F39-BE61-D91BE81C3945}"
EndProject
Project("{FAE04EC0-301F-11D3-BF4B-00C04F79EFBC}") = "MergeSort_BottomUp", "MergeSort_BottomUp\MergeSort_BottomUp.csproj", "{F7F557F0-8090-4A2F-B9AE-6AA5EBEC2564}"
EndProject
Project("{FAE04EC0-301F-11D3-BF4B-00C04F79EFBC}") = "BinarySearchTrees", "BinarySearchTrees\BinarySearchTrees.csproj", "{D4CFAFA3-9224-42DD-BA3C-5F15AC53D28E}"
EndProject
Project("{8BC9CEB8-8B4A-11D0-8D11-00A0C91BC942}") = "BST", "BST\BST.vcxproj", "{BD3DD9CB-9549-48FA-AC17-DC3A57623A3D}"
EndProject
Global
	GlobalSection(SolutionConfigurationPlatforms) = preSolution
		Debug|Any CPU = Debug|Any CPU
		Debug|x64 = Debug|x64
		Debug|x86 = Debug|x86
		Release|Any CPU = Release|Any CPU
		Release|x64 = Release|x64
		Release|x86 = Release|x86
	EndGlobalSection
	GlobalSection(ProjectConfigurationPlatforms) = postSolution
		{8D14B142-7A11-473A-AE21-79487898BC9D}.Debug|Any CPU.ActiveCfg = Debug|Any CPU
		{8D14B142-7A11-473A-AE21-79487898BC9D}.Debug|Any CPU.Build.0 = Debug|Any CPU
		{8D14B142-7A11-473A-AE21-79487898BC9D}.Debug|x64.ActiveCfg = Debug|Any CPU
		{8D14B142-7A11-473A-AE21-79487898BC9D}.Debug|x64.Build.0 = Debug|Any CPU
		{8D14B142-7A11-473A-AE21-79487898BC9D}.Debug|x86.ActiveCfg = Debug|Any CPU
		{8D14B142-7A11-473A-AE21-79487898BC9D}.Debug|x86.Build.0 = Debug|Any CPU
		{8D14B142-7A11-473A-AE21-79487898BC9D}.Release|Any CPU.ActiveCfg = Release|Any CPU
		{8D14B142-7A11-473A-AE21-79487898BC9D}.Release|Any CPU.Build.0 = Release|Any CPU
		{8D14B142-7A11-473A-AE21-79487898BC9D}.Release|x64.ActiveCfg = Release|Any CPU
		{8D14B142-7A11-473A-AE21-79487898BC9D}.Release|x64.Build.0 = Release|Any CPU
		{8D14B142-7A11-473A-AE21-79487898BC9D}.Release|x86.ActiveCfg = Release|Any CPU
		{8D14B142-7A11-473A-AE21-79487898BC9D}.Release|x86.Build.0 = Release|Any CPU
		{C44024E0-9E43-4F39-BE61-D91BE81C3945}.Debug|Any CPU.ActiveCfg = Debug|Any CPU
		{C44024E0-9E43-4F39-BE61-D91BE81C3945}.Debug|Any CPU.Build.0 = Debug|Any CPU
		{C44024E0-9E43-4F39-BE61-D91BE81C3945}.Debug|x64.ActiveCfg = Debug|Any CPU
		{C44024E0-9E43-4F39-BE61-D91BE81C3945}.Debug|x64.Build.0 = Debug|Any CPU
		{C44024E0-9E43-4F39-BE61-D91BE81C3945}.Debug|x86.ActiveCfg = Debug|Any CPU
		{C44024E0-9E43-4F39-BE61-D91BE81C3945}.Debug|x86.Build.0 = Debug|Any CPU
		{C44024E0-9E43-4F39-BE61-D91BE81C3945}.Release|Any CPU.ActiveCfg = Release|Any CPU
		{C44024E0-9E43-4F39-BE61-D91BE81C3945}.Release|Any CPU.Build.0 = Release|Any CPU
		{C44024E0-9E43-4F39-BE61-D91BE81C3945}.Release|x64.ActiveCfg = Release|Any CPU
		{C44024E0-9E43-4F39-BE61-D91BE81C3945}.Release|x64.Build.0 = Release|Any CPU
		{C44024E0-9E43-4F39-BE61-D91BE81C3945}.Release|x86.ActiveCfg = Release|Any CPU
		{C44024E0-9E43-4F39-BE61-D91BE81C3945}.Release|x86.Build.0 = Release|Any CPU
		{F7F557F0-8090-4A2F-B9AE-6AA5EBEC2564}.Debug|Any CPU.ActiveCfg = Debug|Any CPU
		{F7F557F0-8090-4A2F-B9AE-6AA5EBEC2564}.Debug|Any CPU.Build.0 = Debug|Any CPU
		{F7F557F0-8090-4A2F-B9AE-6AA5EBEC2564}.Debug|x64.ActiveCfg = Debug|Any CPU
		{F7F557F0-8090-4A2F-B9AE-6AA5EBEC2564}.Debug|x64.Build.0 = Debug|Any CPU
		{F7F557F0-8090-4A2F-B9AE-6AA5EBEC2564}.Debug|x86.ActiveCfg = Debug|Any CPU
		{F7F557F0-8090-4A2F-B9AE-6AA5EBEC2564}.Debug|x86.Build.0 = Debug|Any CPU
		{F7F557F0-8090-4A2F-B9AE-6AA5EBEC2564}.Release|Any CPU.ActiveCfg = Release|Any CPU
		{F7F557F0-8090-4A2F-B9AE-6AA5EBEC2564}.Release|Any CPU.Build.0 = Release|Any CPU
		{F7F557F0-8090-4A2F-B9AE-6AA5EBEC2564}.Release|x64.ActiveCfg = Release|Any CPU
		{F7F557F0-8090-4A2F-B9AE-6AA5EBEC2564}.Release|x64.Build.0 = Release|Any CPU
		{F7F557F0-8090-4A2F-B9AE-6AA5EBEC2564}.Release|x86.ActiveCfg = Release|Any CPU
		{F7F557F0-8090-4A2F-B9AE-6AA5EBEC2564}.Release|x86.Build.0 = Release|Any CPU
		{D4CFAFA3-9224-42DD-BA3C-5F15AC53D28E}.Debug|Any CPU.ActiveCfg = Debug|Any CPU
		{D4CFAFA3-9224-42DD-BA3C-5F15AC53D28E}.Debug|Any CPU.Build.0 = Debug|Any CPU
		{D4CFAFA3-9224-42DD-BA3C-5F15AC53D28E}.Debug|x64.ActiveCfg = Debug|Any CPU
		{D4CFAFA3-9224-42DD-BA3C-5F15AC53D28E}.Debug|x64.Build.0 = Debug|Any CPU
		{D4CFAFA3-9224-42DD-BA3C-5F15AC53D28E}.Debug|x86.ActiveCfg = Debug|Any CPU
		{D4CFAFA3-9224-42DD-BA3C-5F15AC53D28E}.Debug|x86.Build.0 = Debug|Any CPU
		{D4CFAFA3-9224-42DD-BA3C-5F15AC53D28E}.Release|Any CPU.ActiveCfg = Release|Any CPU
		{D4CFAFA3-9224-42DD-BA3C-5F15AC53D28E}.Release|Any CPU.Build.0 = Release|Any CPU
		{D4CFAFA3-9224-42DD-BA3C-5F15AC53D28E}.Release|x64.ActiveCfg = Release|Any CPU
		{D4CFAFA3-9224-42DD-BA3C-5F15AC53D28E}.Release|x64.Build.0 = Release|Any CPU
		{D4CFAFA3-9224-42DD-BA3C-5F15AC53D28E}.Release|x86.ActiveCfg = Release|Any CPU
		{D4CFAFA3-9224-42DD-BA3C-5F15AC53D28E}.Release|x86.Build.0 = Release|Any CPU
		{BD3DD9CB-9549-48FA-AC17-DC3A57623A3D}.Debug|Any CPU.ActiveCfg = Debug|Win32
		{BD3DD9CB-9549-48FA-AC17-DC3A57623A3D}.Debug|x64.ActiveCfg = Debug|x64
		{BD3DD9CB-9549-48FA-AC17-DC3A57623A3D}.Debug|x64.Build.0 = Debug|x64
		{BD3DD9CB-9549-48FA-AC17-DC3A57623A3D}.Debug|x86.ActiveCfg = Debug|Win32
		{BD3DD9CB-9549-48FA-AC17-DC3A57623A3D}.Debug|x86.Build.0 = Debug|Win32
		{BD3DD9CB-9549-48FA-AC17-DC3A57623A3D}.Release|Any CPU.ActiveCfg = Release|Win32
		{BD3DD9CB-9549-48FA-AC17-DC3A57623A3D}.Release|x64.ActiveCfg = Release|x64
		{BD3DD9CB-9549-48FA-AC17-DC3A57623A3D}.Release|x64.Build.0 = Release|x64
		{BD3DD9CB-9549-48FA-AC17-DC3A57623A3D}.Release|x86.ActiveCfg = Release|Win32
		{BD3DD9CB-9549-48FA-AC17-DC3A57623A3D}.Release|x86.Build.0 = Release|Win32
	EndGlobalSection
	GlobalSection(SolutionProperties) = preSolution
		HideSolutionNode = FALSE
	EndGlobalSection
	GlobalSection(ExtensibilityGlobals) = postSolution
		SolutionGuid = {8AAE415B-A15C-4259-B54D-9C2175B308D3}
	EndGlobalSection
EndGlobal
